
Microsoft Visual Studio Solution File, Format Version 12.00
Project("{FAE04EC0-301F-11D3-BF4B-00C04F79EFBC}") = "TuiMusement.TwoDaysWeatherForecasting.ConsoleApp", "TuiMusement.TwoDaysWeatherForecasting.ConsoleApp\TuiMusement.TwoDaysWeatherForecasting.ConsoleApp.csproj", "{2495CFF7-1158-4D2A-BABB-71D8702E9092}"
EndProject
Project("{FAE04EC0-301F-11D3-BF4B-00C04F79EFBC}") = "TuiMusement.TwoDaysWeatherForecasting.ConsoleApp.Tests", "TuiMusement.TwoDaysWeatherForecasting.ConsoleApp.Tests\TuiMusement.TwoDaysWeatherForecasting.ConsoleApp.Tests.csproj", "{37962D10-2D35-4E2E-AAF5-F57F627A7DC1}"
EndProject
Global
	GlobalSection(SolutionConfigurationPlatforms) = preSolution
		Debug|Any CPU = Debug|Any CPU
		Release|Any CPU = Release|Any CPU
	EndGlobalSection
	GlobalSection(ProjectConfigurationPlatforms) = postSolution
		{2495CFF7-1158-4D2A-BABB-71D8702E9092}.Debug|Any CPU.ActiveCfg = Debug|Any CPU
		{2495CFF7-1158-4D2A-BABB-71D8702E9092}.Debug|Any CPU.Build.0 = Debug|Any CPU
		{2495CFF7-1158-4D2A-BABB-71D8702E9092}.Release|Any CPU.ActiveCfg = Release|Any CPU
		{2495CFF7-1158-4D2A-BABB-71D8702E9092}.Release|Any CPU.Build.0 = Release|Any CPU
		{37962D10-2D35-4E2E-AAF5-F57F627A7DC1}.Debug|Any CPU.ActiveCfg = Debug|Any CPU
		{37962D10-2D35-4E2E-AAF5-F57F627A7DC1}.Debug|Any CPU.Build.0 = Debug|Any CPU
		{37962D10-2D35-4E2E-AAF5-F57F627A7DC1}.Release|Any CPU.ActiveCfg = Release|Any CPU
		{37962D10-2D35-4E2E-AAF5-F57F627A7DC1}.Release|Any CPU.Build.0 = Release|Any CPU
	EndGlobalSection
EndGlobal
